<?xml version="1.0" encoding="UTF-8"?>
<ProjectOptions>
  <General>
    <SessionStorage>InProjectDir</SessionStorage>
    <MainUnitHasCreateFormStatements Value="True"/>
    <MainUnitHasTitleStatement Value="True"/>
    <Title Value="Sind"/>
    <ResourceType Value="res"/>
  </General>
  <BuildModes>
    <Item Name="Default" Default="True"/>
  </BuildModes>
  <Units>
    <Unit>
      <Filename Value="Sind.lpr"/>
      <IsPartOfProject Value="True"/>
    </Unit>
    <Unit>
      <Filename Value="uDM.pas"/>
      <IsPartOfProject Value="True"/>
    </Unit>
    <Unit>
      <Filename Value="uFrmImportacao.pas"/>
      <IsPartOfProject Value="True"/>
    </Unit>
    <Unit>
      <Filename Value="uFrmConsAssoc.pas"/>
      <IsPartOfProject Value="True"/>
    </Unit>
  </Units>
</ProjectOptions>
